<?xml version="1.0" encoding="utf-8"?>
<Project ToolsVersion="4.0" xmlns="http://schemas.microsoft.com/developer/msbuild/2003">
  <ItemGroup>
    <Filter Include="Resource Files">
      <UniqueIdentifier>{67DA6AB6-F800-4c08-8B7A-83BB121AAD01}</UniqueIdentifier>
      <Extensions>rc;ico;cur;bmp;dlg;rc2;rct;bin;rgs;gif;jpg;jpeg;jpe;resx;tiff;tif;png;wav;mfcribbon-ms</Extensions>
    </Filter>
    <Filter Include="Math">
      <UniqueIdentifier>{4FC737F1-C7A5-4376-A066-2A32D752A2FF}</UniqueIdentifier>
      <Extensions>cpp;c;cc;cxx;def;odl;idl;hpj;bat;asm;asmx</Extensions>
    </Filter>
    <Filter Include="Utilities">
      <UniqueIdentifier>{b362f134-b676-49cb-b1c0-383991689d2b}</UniqueIdentifier>
    </Filter>
    <Filter Include="Graphics">
      <UniqueIdentifier>{3d0d7a43-ba22-486f-b1a3-a5d3e59bf8e3}</UniqueIdentifier>
    </Filter>
    <Filter Include="Libraries">
      <UniqueIdentifier>{15b5ae02-59f3-4d0f-bf99-33ba5ee500d5}</UniqueIdentifier>
    </Filter>
    <Filter Include="Networking">
      <UniqueIdentifier>{f1f32e5a-fbdf-4d65-9c3a-66d6922a0489}</UniqueIdentifier>
    </Filter>
  </ItemGroup>
  <ItemGroup>
    <None Include="ReadMe.txt" />
  </ItemGroup>
  <ItemGroup>
    <ClCompile Include="Math\EulerAngles.cpp">
      <Filter>Math</Filter>
    </ClCompile>
    <ClCompile Include="Utilities\EngineCommon.cpp">
      <Filter>Utilities</Filter>
    </ClCompile>
    <ClCompile Include="Utilities\Time.cpp">
      <Filter>Utilities</Filter>
    </ClCompile>
    <ClCompile Include="Utilities\Win32Wrapper.cpp">
      <Filter>Utilities</Filter>
    </ClCompile>
    <ClCompile Include="Graphics\Renderer.cpp">
      <Filter>Graphics</Filter>
    </ClCompile>
    <ClCompile Include="Graphics\Camera3D.cpp">
      <Filter>Graphics</Filter>
    </ClCompile>
    <ClCompile Include="Math\Matrices.cpp">
      <Filter>Math</Filter>
    </ClCompile>
    <ClCompile Include="Utilities\DevConsole.cpp">
      <Filter>Utilities</Filter>
    </ClCompile>
    <ClCompile Include="Utilities\XMLFontRenderer.cpp">
      <Filter>Utilities</Filter>
    </ClCompile>
    <ClCompile Include="Graphics\Texture.cpp">
      <Filter>Graphics</Filter>
    </ClCompile>
    <ClCompile Include="Libraries\stb_image.c">
      <Filter>Libraries</Filter>
    </ClCompile>
    <ClCompile Include="Libraries\tinystr.cpp">
      <Filter>Libraries</Filter>
    </ClCompile>
    <ClCompile Include="Libraries\tinyxml.cpp">
      <Filter>Libraries</Filter>
    </ClCompile>
    <ClCompile Include="Libraries\tinyxmlerror.cpp">
      <Filter>Libraries</Filter>
    </ClCompile>
    <ClCompile Include="Libraries\tinyxmlparser.cpp">
      <Filter>Libraries</Filter>
    </ClCompile>
    <ClCompile Include="Graphics\FrameBuffer.cpp">
      <Filter>Graphics</Filter>
    </ClCompile>
    <ClCompile Include="Graphics\Shader.cpp">
      <Filter>Graphics</Filter>
    </ClCompile>
    <ClCompile Include="Graphics\ShaderProgram.cpp">
      <Filter>Graphics</Filter>
    </ClCompile>
    <ClCompile Include="Graphics\Material.cpp">
      <Filter>Graphics</Filter>
    </ClCompile>
    <ClCompile Include="Utilities\BinaryBufferBuilder.cpp">
      <Filter>Utilities</Filter>
    </ClCompile>
    <ClCompile Include="Utilities\BinaryBufferParser.cpp">
      <Filter>Utilities</Filter>
    </ClCompile>
    <ClCompile Include="Utilities\BinaryFileParser.cpp">
      <Filter>Utilities</Filter>
    </ClCompile>
    <ClCompile Include="TriangleMesh.cpp">
      <Filter>Graphics</Filter>
    </ClCompile>
    <ClCompile Include="MeshUtilities.cpp">
      <Filter>Graphics</Filter>
    </ClCompile>
    <ClCompile Include="Libraries\xmlParser.cpp">
      <Filter>Libraries</Filter>
    </ClCompile>
    <ClCompile Include="XMLUtils.cpp">
      <Filter>Utilities</Filter>
    </ClCompile>
    <ClCompile Include="ProfileSection.cpp">
      <Filter>Utilities</Filter>
    </ClCompile>
    <ClCompile Include="Utilities\StringTable.cpp">
      <Filter>Utilities</Filter>
    </ClCompile>
    <ClCompile Include="Clock.cpp">
      <Filter>Utilities</Filter>
    </ClCompile>
    <ClCompile Include="JobManager.cpp">
      <Filter>Utilities</Filter>
    </ClCompile>
    <ClCompile Include="Thread.cpp">
      <Filter>Utilities</Filter>
    </ClCompile>
    <ClCompile Include="LoadFileJob.cpp">
      <Filter>Utilities</Filter>
    </ClCompile>
    <ClCompile Include="HashBufferJob.cpp">
      <Filter>Utilities</Filter>
    </ClCompile>
    <ClCompile Include="SaveFileJob.cpp">
      <Filter>Utilities</Filter>
    </ClCompile>
    <ClCompile Include="ReverseBufferJob.cpp">
      <Filter>Utilities</Filter>
    </ClCompile>
    <ClCompile Include="Command.cpp">
      <Filter>Utilities</Filter>
    </ClCompile>
    <ClCompile Include="GenerateFilesJob.cpp">
      <Filter>Utilities</Filter>
    </ClCompile>
    <ClCompile Include="SignpostAllocator.cpp">
      <Filter>Utilities</Filter>
    </ClCompile>
    <ClCompile Include="Memory.cpp">
      <Filter>Utilities</Filter>
    </ClCompile>
    <ClCompile Include="Assert.cpp">
      <Filter>Utilities</Filter>
    </ClCompile>
    <ClCompile Include="TestMemory.cpp">
      <Filter>Utilities</Filter>
    </ClCompile>
    <ClCompile Include="UDPSocket.cpp">
      <Filter>Networking</Filter>
    </ClCompile>
    <ClCompile Include="NetSession.cpp">
      <Filter>Networking</Filter>
    </ClCompile>
    <ClCompile Include="NetSystem.cpp">
      <Filter>Networking</Filter>
    </ClCompile>
    <ClCompile Include="PacketQueue.cpp">
      <Filter>Networking</Filter>
    </ClCompile>
    <ClCompile Include="NetPacket.cpp">
      <Filter>Networking</Filter>
    </ClCompile>
    <ClCompile Include="NetAddress.cpp">
      <Filter>Networking</Filter>
    </ClCompile>
    <ClCompile Include="SocketThread.cpp">
      <Filter>Networking</Filter>
    </ClCompile>
    <ClCompile Include="NetConnection.cpp">
      <Filter>Networking</Filter>
    </ClCompile>
    <ClCompile Include="NetMessage.cpp">
      <Filter>Networking</Filter>
    </ClCompile>
    <ClCompile Include="BitArray.cpp">
      <Filter>Math</Filter>
    </ClCompile>
    <ClCompile Include="NamedProperties.cpp">
      <Filter>Utilities</Filter>
    </ClCompile>
    <ClCompile Include="EventSystem.cpp">
      <Filter>Utilities</Filter>
    </ClCompile>
    <ClCompile Include="NetworkingCommon.cpp">
      <Filter>Math</Filter>
    </ClCompile>
    <ClCompile Include="KeyFrameAnimation.cpp">
      <Filter>Utilities</Filter>
    </ClCompile>
    <ClCompile Include="KeyframeSequence.cpp">
      <Filter>Utilities</Filter>
    </ClCompile>
    <ClCompile Include="WidgetBase.cpp">
      <Filter>Utilities</Filter>
    </ClCompile>
    <ClCompile Include="UISystem.cpp">
      <Filter>Utilities</Filter>
    </ClCompile>
    <ClCompile Include="ButtonWidget.cpp">
      <Filter>Utilities</Filter>
    </ClCompile>
    <ClCompile Include="GroupWidget.cpp">
      <Filter>Utilities</Filter>
    </ClCompile>
    <ClCompile Include="WidgetStyle.cpp">
      <Filter>Utilities</Filter>
    </ClCompile>
  </ItemGroup>
  <ItemGroup>
    <ClInclude Include="Math\EulerAngles.hpp">
      <Filter>Math</Filter>
    </ClInclude>
    <ClInclude Include="Utilities\EngineCommon.hpp">
      <Filter>Utilities</Filter>
    </ClInclude>
    <ClInclude Include="Utilities\Time.hpp">
      <Filter>Utilities</Filter>
    </ClInclude>
    <ClInclude Include="Utilities\Win32Wrapper.hpp">
      <Filter>Utilities</Filter>
    </ClInclude>
    <ClInclude Include="Graphics\Renderer.hpp">
      <Filter>Graphics</Filter>
    </ClInclude>
    <ClInclude Include="Graphics\Camera3D.hpp">
      <Filter>Graphics</Filter>
    </ClInclude>
    <ClInclude Include="Math\Matrices.h">
      <Filter>Math</Filter>
    </ClInclude>
    <ClInclude Include="Utilities\DevConsole.hpp">
      <Filter>Utilities</Filter>
    </ClInclude>
    <ClInclude Include="Utilities\XMLFontRenderer.hpp">
      <Filter>Utilities</Filter>
    </ClInclude>
    <ClInclude Include="Graphics\Texture.hpp">
      <Filter>Graphics</Filter>
    </ClInclude>
    <ClInclude Include="Libraries\tinystr.h">
      <Filter>Libraries</Filter>
    </ClInclude>
    <ClInclude Include="Libraries\tinyxml.h">
      <Filter>Libraries</Filter>
    </ClInclude>
    <ClInclude Include="Graphics\FrameBuffer.hpp">
      <Filter>Graphics</Filter>
    </ClInclude>
    <ClInclude Include="Graphics\ShaderProgram.hpp">
      <Filter>Graphics</Filter>
    </ClInclude>
    <ClInclude Include="Graphics\Shader.hpp">
      <Filter>Graphics</Filter>
    </ClInclude>
    <ClInclude Include="Math\Vertex.hpp">
      <Filter>Math</Filter>
    </ClInclude>
    <ClInclude Include="Graphics\Material.hpp">
      <Filter>Graphics</Filter>
    </ClInclude>
    <ClInclude Include="Utilities\BinaryBufferBuilder.hpp">
      <Filter>Utilities</Filter>
    </ClInclude>
    <ClInclude Include="Utilities\BinaryBufferParser.hpp">
      <Filter>Utilities</Filter>
    </ClInclude>
    <ClInclude Include="Utilities\BinaryFileParser.hpp">
      <Filter>Utilities</Filter>
    </ClInclude>
    <ClInclude Include="TriangleMesh.hpp">
      <Filter>Graphics</Filter>
    </ClInclude>
    <ClInclude Include="MeshUtilities.hpp">
      <Filter>Graphics</Filter>
    </ClInclude>
    <ClInclude Include="Libraries\xmlParser.h">
      <Filter>Libraries</Filter>
    </ClInclude>
    <ClInclude Include="XMLUtils.hpp">
      <Filter>Utilities</Filter>
    </ClInclude>
    <ClInclude Include="Math\raw_vector.hpp">
      <Filter>Math</Filter>
    </ClInclude>
    <ClInclude Include="Math\raw_vector_impl.hpp">
      <Filter>Math</Filter>
    </ClInclude>
    <ClInclude Include="Clock.hpp">
      <Filter>Utilities</Filter>
    </ClInclude>
    <ClInclude Include="ProfileSection.hpp">
      <Filter>Utilities</Filter>
    </ClInclude>
    <ClInclude Include="Utilities\StringTable.hpp">
      <Filter>Utilities</Filter>
    </ClInclude>
    <ClInclude Include="JobManager.hpp">
      <Filter>Utilities</Filter>
    </ClInclude>
    <ClInclude Include="Thread.hpp">
      <Filter>Utilities</Filter>
    </ClInclude>
    <ClInclude Include="Utilities\ThreadSafeQueue.hpp">
      <Filter>Utilities</Filter>
    </ClInclude>
    <ClInclude Include="Utilities\Lock.hpp">
      <Filter>Utilities</Filter>
    </ClInclude>
    <ClInclude Include="LoadFileJob.hpp">
      <Filter>Utilities</Filter>
    </ClInclude>
    <ClInclude Include="HashBufferJob.hpp">
      <Filter>Utilities</Filter>
    </ClInclude>
    <ClInclude Include="SaveFileJob.hpp">
      <Filter>Utilities</Filter>
    </ClInclude>
    <ClInclude Include="ReverseBufferJob.hpp">
      <Filter>Utilities</Filter>
    </ClInclude>
    <ClInclude Include="Command.hpp">
      <Filter>Utilities</Filter>
    </ClInclude>
    <ClInclude Include="GenerateFilesJob.hpp">
      <Filter>Utilities</Filter>
    </ClInclude>
    <ClInclude Include="LimitSingleInstance.hpp">
      <Filter>Utilities</Filter>
    </ClInclude>
    <ClInclude Include="SignpostAllocator.hpp">
      <Filter>Utilities</Filter>
    </ClInclude>
    <ClInclude Include="Memory.hpp">
      <Filter>Utilities</Filter>
    </ClInclude>
    <ClInclude Include="Assert.hpp">
      <Filter>Utilities</Filter>
    </ClInclude>
    <ClInclude Include="TestMemory.hpp">
      <Filter>Utilities</Filter>
    </ClInclude>
    <ClInclude Include="NetPacket.hpp">
      <Filter>Networking</Filter>
    </ClInclude>
    <ClInclude Include="NetAddress.hpp">
      <Filter>Networking</Filter>
    </ClInclude>
    <ClInclude Include="NetSession.hpp">
      <Filter>Networking</Filter>
    </ClInclude>
    <ClInclude Include="NetSystem.hpp">
      <Filter>Networking</Filter>
    </ClInclude>
    <ClInclude Include="PacketQueue.hpp">
      <Filter>Networking</Filter>
    </ClInclude>
    <ClInclude Include="UDPSocket.hpp">
      <Filter>Networking</Filter>
    </ClInclude>
    <ClInclude Include="Math\Vertex3D_PCT.hpp">
      <Filter>Math</Filter>
    </ClInclude>
    <ClInclude Include="SocketThread.hpp">
      <Filter>Networking</Filter>
    </ClInclude>
    <ClInclude Include="NetConnection.hpp">
      <Filter>Networking</Filter>
    </ClInclude>
    <ClInclude Include="NetMessage.hpp">
      <Filter>Networking</Filter>
    </ClInclude>
    <ClInclude Include="BitArray.hpp">
      <Filter>Math</Filter>
    </ClInclude>
    <ClInclude Include="NamedProperties.hpp">
      <Filter>Utilities</Filter>
    </ClInclude>
    <ClInclude Include="EventSystem.hpp">
      <Filter>Utilities</Filter>
    </ClInclude>
    <ClInclude Include="NetworkingCommon.hpp" />
    <ClInclude Include="KeyframeSequence.hpp">
      <Filter>Utilities</Filter>
    </ClInclude>
    <ClInclude Include="KeyFrameAnimation.hpp">
      <Filter>Utilities</Filter>
    </ClInclude>
    <ClInclude Include="WidgetBase.hpp">
      <Filter>Utilities</Filter>
    </ClInclude>
    <ClInclude Include="UISystem.hpp">
      <Filter>Utilities</Filter>
    </ClInclude>
    <ClInclude Include="GroupWidget.hpp">
      <Filter>Utilities</Filter>
    </ClInclude>
    <ClInclude Include="ButtonWidget.hpp">
      <Filter>Utilities</Filter>
    </ClInclude>
    <ClInclude Include="WidgetStyle.hpp">
      <Filter>Utilities</Filter>
    </ClInclude>
  </ItemGroup>
</Project>